// !$*UTF8*$!
{
	archiveVersion = 1;
	classes = {
	};
	objectVersion = 51;
	objects = {

/* Begin PBXBuildFile section */
		11147BDE261046710011CA4D /* UIImageView+Extensions.swift in Sources */ = {isa = PBXBuildFile; fileRef = 11147BDD261046710011CA4D /* UIImageView+Extensions.swift */; };
		11147BE1261046AE0011CA4D /* CacheProvider.swift in Sources */ = {isa = PBXBuildFile; fileRef = 11147BE0261046AE0011CA4D /* CacheProvider.swift */; };
		111AF5EA2610148700159B58 /* HttpExecutor.swift in Sources */ = {isa = PBXBuildFile; fileRef = 111AF5E92610148700159B58 /* HttpExecutor.swift */; };
		111AF5ED2610152100159B58 /* ShowsService.swift in Sources */ = {isa = PBXBuildFile; fileRef = 111AF5EC2610152100159B58 /* ShowsService.swift */; };
		111AF5F0261015CB00159B58 /* ShowModel.swift in Sources */ = {isa = PBXBuildFile; fileRef = 111AF5EF261015CB00159B58 /* ShowModel.swift */; };
		116A88AF260F760F0062FAD7 /* AppDelegate.swift in Sources */ = {isa = PBXBuildFile; fileRef = 116A88AE260F760F0062FAD7 /* AppDelegate.swift */; };
		116A88B1260F760F0062FAD7 /* SceneDelegate.swift in Sources */ = {isa = PBXBuildFile; fileRef = 116A88B0260F760F0062FAD7 /* SceneDelegate.swift */; };
		116A88B8260F76100062FAD7 /* Assets.xcassets in Resources */ = {isa = PBXBuildFile; fileRef = 116A88B7260F76100062FAD7 /* Assets.xcassets */; };
		116A88BB260F76100062FAD7 /* LaunchScreen.storyboard in Resources */ = {isa = PBXBuildFile; fileRef = 116A88B9260F76100062FAD7 /* LaunchScreen.storyboard */; };
		116A88C9260F76C80062FAD7 /* Coordinator.swift in Sources */ = {isa = PBXBuildFile; fileRef = 116A88C8260F76C80062FAD7 /* Coordinator.swift */; };
		116A88CD260F773D0062FAD7 /* Navigator.swift in Sources */ = {isa = PBXBuildFile; fileRef = 116A88CC260F773D0062FAD7 /* Navigator.swift */; };
		116A88D1260F79840062FAD7 /* AppCoordinator.swift in Sources */ = {isa = PBXBuildFile; fileRef = 116A88D0260F79840062FAD7 /* AppCoordinator.swift */; };
		116A88D4260F7A830062FAD7 /* Storyboarded.swift in Sources */ = {isa = PBXBuildFile; fileRef = 116A88D3260F7A830062FAD7 /* Storyboarded.swift */; };
		116A88DC260F7B960062FAD7 /* UIView+Extensions.swift in Sources */ = {isa = PBXBuildFile; fileRef = 116A88DB260F7B960062FAD7 /* UIView+Extensions.swift */; };
		116A88DF260F7BDA0062FAD7 /* UIViewController+Extensions.swift in Sources */ = {isa = PBXBuildFile; fileRef = 116A88DE260F7BDA0062FAD7 /* UIViewController+Extensions.swift */; };
		116A88E4260F7ED50062FAD7 /* ShowsCoordinator.swift in Sources */ = {isa = PBXBuildFile; fileRef = 116A88E3260F7ED50062FAD7 /* ShowsCoordinator.swift */; };
		116A88E8260F7F790062FAD7 /* ShowsViewController.swift in Sources */ = {isa = PBXBuildFile; fileRef = 116A88E6260F7F790062FAD7 /* ShowsViewController.swift */; };
		116A88E9260F7F790062FAD7 /* ShowsViewController.xib in Resources */ = {isa = PBXBuildFile; fileRef = 116A88E7260F7F790062FAD7 /* ShowsViewController.xib */; };
		116FF2F526112E63005ED874 /* SeasonModel.swift in Sources */ = {isa = PBXBuildFile; fileRef = 116FF2F426112E63005ED874 /* SeasonModel.swift */; };
		116FF2F826112EAD005ED874 /* EpisodesModel.swift in Sources */ = {isa = PBXBuildFile; fileRef = 116FF2F726112EAD005ED874 /* EpisodesModel.swift */; };
		116FF2FC26113BC7005ED874 /* ShowDetailTableViewCell.swift in Sources */ = {isa = PBXBuildFile; fileRef = 116FF2FA26113BC7005ED874 /* ShowDetailTableViewCell.swift */; };
		116FF2FD26113BC7005ED874 /* ShowDetailTableViewCell.xib in Resources */ = {isa = PBXBuildFile; fileRef = 116FF2FB26113BC7005ED874 /* ShowDetailTableViewCell.xib */; };
		116FF30026113E56005ED874 /* ShowDetailCellViewModel.swift in Sources */ = {isa = PBXBuildFile; fileRef = 116FF2FF26113E56005ED874 /* ShowDetailCellViewModel.swift */; };
		117D324B2610CBC700B6B9F0 /* SearchQueryModel.swift in Sources */ = {isa = PBXBuildFile; fileRef = 117D324A2610CBC700B6B9F0 /* SearchQueryModel.swift */; };
		117D324F2610EB8A00B6B9F0 /* SearchTableViewCell.swift in Sources */ = {isa = PBXBuildFile; fileRef = 117D324D2610EB8A00B6B9F0 /* SearchTableViewCell.swift */; };
		117D32502610EB8A00B6B9F0 /* SearchTableViewCell.xib in Resources */ = {isa = PBXBuildFile; fileRef = 117D324E2610EB8A00B6B9F0 /* SearchTableViewCell.xib */; };
		117D32532610EB9700B6B9F0 /* SearchTableViewCellViewModel.swift in Sources */ = {isa = PBXBuildFile; fileRef = 117D32522610EB9700B6B9F0 /* SearchTableViewCellViewModel.swift */; };
		117D32562610ECC700B6B9F0 /* UITableView+Extensions.swift in Sources */ = {isa = PBXBuildFile; fileRef = 117D32552610ECC600B6B9F0 /* UITableView+Extensions.swift */; };
		117D32592610F25400B6B9F0 /* UISearchBar+Extensions.swift in Sources */ = {isa = PBXBuildFile; fileRef = 117D32582610F25400B6B9F0 /* UISearchBar+Extensions.swift */; };
		117D32642611236200B6B9F0 /* ShowDetailCoordinator.swift in Sources */ = {isa = PBXBuildFile; fileRef = 117D32632611236200B6B9F0 /* ShowDetailCoordinator.swift */; };
		117D3269261123AF00B6B9F0 /* ShowDetailViewController.swift in Sources */ = {isa = PBXBuildFile; fileRef = 117D3267261123AF00B6B9F0 /* ShowDetailViewController.swift */; };
		117D326A261123AF00B6B9F0 /* ShowDetailViewController.xib in Resources */ = {isa = PBXBuildFile; fileRef = 117D3268261123AF00B6B9F0 /* ShowDetailViewController.xib */; };
		117D3271261123D200B6B9F0 /* ShowDetailViewModel.swift in Sources */ = {isa = PBXBuildFile; fileRef = 117D3270261123D200B6B9F0 /* ShowDetailViewModel.swift */; };
		117D32752611241C00B6B9F0 /* ShowDetailService.swift in Sources */ = {isa = PBXBuildFile; fileRef = 117D32742611241C00B6B9F0 /* ShowDetailService.swift */; };
		11956C6626100C4300590B37 /* Service.swift in Sources */ = {isa = PBXBuildFile; fileRef = 11956C6526100C4300590B37 /* Service.swift */; };
		11DE00032610C5E9000AFB07 /* SearchService.swift in Sources */ = {isa = PBXBuildFile; fileRef = 11DE00022610C5E9000AFB07 /* SearchService.swift */; };
		11DEFFFC2610C538000AFB07 /* SearchViewModel.swift in Sources */ = {isa = PBXBuildFile; fileRef = 11DEFFFB2610C538000AFB07 /* SearchViewModel.swift */; };
		11E980F3260F884D00CE876B /* SearchCoordinator.swift in Sources */ = {isa = PBXBuildFile; fileRef = 11E980F2260F884D00CE876B /* SearchCoordinator.swift */; };
		11E980F8260F88A300CE876B /* SearchViewController.swift in Sources */ = {isa = PBXBuildFile; fileRef = 11E980F6260F88A300CE876B /* SearchViewController.swift */; };
		11E980F9260F88A300CE876B /* SearchViewController.xib in Resources */ = {isa = PBXBuildFile; fileRef = 11E980F7260F88A300CE876B /* SearchViewController.xib */; };
		11E980FD260F96B100CE876B /* TabBarCoordinator.swift in Sources */ = {isa = PBXBuildFile; fileRef = 11E980FC260F96B100CE876B /* TabBarCoordinator.swift */; };
		11E98100260F98C300CE876B /* TabBarController.swift in Sources */ = {isa = PBXBuildFile; fileRef = 11E980FF260F98C300CE876B /* TabBarController.swift */; };
		11E98103260FDB9200CE876B /* ShowsViewModel.swift in Sources */ = {isa = PBXBuildFile; fileRef = 11E98102260FDB9200CE876B /* ShowsViewModel.swift */; };
		11E98106260FDF4400CE876B /* ShowsCollectionViewCellViewModel.swift in Sources */ = {isa = PBXBuildFile; fileRef = 11E98105260FDF4400CE876B /* ShowsCollectionViewCellViewModel.swift */; };
		11E9810A260FDFC600CE876B /* ShowsCollectionViewCell.swift in Sources */ = {isa = PBXBuildFile; fileRef = 11E98108260FDFC600CE876B /* ShowsCollectionViewCell.swift */; };
		11E9810B260FDFC600CE876B /* ShowsCollectionViewCell.xib in Resources */ = {isa = PBXBuildFile; fileRef = 11E98109260FDFC600CE876B /* ShowsCollectionViewCell.xib */; };
		11E98126260FE28300CE876B /* UICollectionView+Extensions.swift in Sources */ = {isa = PBXBuildFile; fileRef = 11E98125260FE28200CE876B /* UICollectionView+Extensions.swift */; };
		11E9817D260FFC5900CE876B /* UIFont+Extensions.swift in Sources */ = {isa = PBXBuildFile; fileRef = 11E9817C260FFC5900CE876B /* UIFont+Extensions.swift */; };
		11E98184261004EE00CE876B /* Roboto-Regular.ttf in Resources */ = {isa = PBXBuildFile; fileRef = 11E98183261004EE00CE876B /* Roboto-Regular.ttf */; };
		A57AB09C7AC0C6A3582C1782 /* Pods_ShowsApp.framework in Frameworks */ = {isa = PBXBuildFile; fileRef = A34AE9674C2FE2974B585DF1 /* Pods_ShowsApp.framework */; };
/* End PBXBuildFile section */

/* Begin PBXFileReference section */
		11147BDD261046710011CA4D /* UIImageView+Extensions.swift */ = {isa = PBXFileReference; lastKnownFileType = sourcecode.swift; path = "UIImageView+Extensions.swift"; sourceTree = "<group>"; };
		11147BE0261046AE0011CA4D /* CacheProvider.swift */ = {isa = PBXFileReference; lastKnownFileType = sourcecode.swift; path = CacheProvider.swift; sourceTree = "<group>"; };
		111AF5E92610148700159B58 /* HttpExecutor.swift */ = {isa = PBXFileReference; lastKnownFileType = sourcecode.swift; path = HttpExecutor.swift; sourceTree = "<group>"; };
		111AF5EC2610152100159B58 /* ShowsService.swift */ = {isa = PBXFileReference; lastKnownFileType = sourcecode.swift; path = ShowsService.swift; sourceTree = "<group>"; };
		111AF5EF261015CB00159B58 /* ShowModel.swift */ = {isa = PBXFileReference; lastKnownFileType = sourcecode.swift; path = ShowModel.swift; sourceTree = "<group>"; };
		116A88AB260F760F0062FAD7 /* ShowsApp.app */ = {isa = PBXFileReference; explicitFileType = wrapper.application; includeInIndex = 0; path = ShowsApp.app; sourceTree = BUILT_PRODUCTS_DIR; };
		116A88AE260F760F0062FAD7 /* AppDelegate.swift */ = {isa = PBXFileReference; lastKnownFileType = sourcecode.swift; path = AppDelegate.swift; sourceTree = "<group>"; };
		116A88B0260F760F0062FAD7 /* SceneDelegate.swift */ = {isa = PBXFileReference; lastKnownFileType = sourcecode.swift; path = SceneDelegate.swift; sourceTree = "<group>"; };
		116A88B7260F76100062FAD7 /* Assets.xcassets */ = {isa = PBXFileReference; lastKnownFileType = folder.assetcatalog; path = Assets.xcassets; sourceTree = "<group>"; };
		116A88BA260F76100062FAD7 /* Base */ = {isa = PBXFileReference; lastKnownFileType = file.storyboard; name = Base; path = Base.lproj/LaunchScreen.storyboard; sourceTree = "<group>"; };
		116A88BC260F76100062FAD7 /* Info.plist */ = {isa = PBXFileReference; lastKnownFileType = text.plist.xml; path = Info.plist; sourceTree = "<group>"; };
		116A88C8260F76C80062FAD7 /* Coordinator.swift */ = {isa = PBXFileReference; lastKnownFileType = sourcecode.swift; path = Coordinator.swift; sourceTree = "<group>"; };
		116A88CC260F773D0062FAD7 /* Navigator.swift */ = {isa = PBXFileReference; lastKnownFileType = sourcecode.swift; path = Navigator.swift; sourceTree = "<group>"; };
		116A88D0260F79840062FAD7 /* AppCoordinator.swift */ = {isa = PBXFileReference; lastKnownFileType = sourcecode.swift; path = AppCoordinator.swift; sourceTree = "<group>"; };
		116A88D3260F7A830062FAD7 /* Storyboarded.swift */ = {isa = PBXFileReference; lastKnownFileType = sourcecode.swift; path = Storyboarded.swift; sourceTree = "<group>"; };
		116A88DB260F7B960062FAD7 /* UIView+Extensions.swift */ = {isa = PBXFileReference; lastKnownFileType = sourcecode.swift; path = "UIView+Extensions.swift"; sourceTree = "<group>"; };
		116A88DE260F7BDA0062FAD7 /* UIViewController+Extensions.swift */ = {isa = PBXFileReference; lastKnownFileType = sourcecode.swift; path = "UIViewController+Extensions.swift"; sourceTree = "<group>"; };
		116A88E3260F7ED50062FAD7 /* ShowsCoordinator.swift */ = {isa = PBXFileReference; lastKnownFileType = sourcecode.swift; path = ShowsCoordinator.swift; sourceTree = "<group>"; };
		116A88E6260F7F790062FAD7 /* ShowsViewController.swift */ = {isa = PBXFileReference; lastKnownFileType = sourcecode.swift; path = ShowsViewController.swift; sourceTree = "<group>"; };
		116A88E7260F7F790062FAD7 /* ShowsViewController.xib */ = {isa = PBXFileReference; lastKnownFileType = file.xib; path = ShowsViewController.xib; sourceTree = "<group>"; };
		116FF2F426112E63005ED874 /* SeasonModel.swift */ = {isa = PBXFileReference; lastKnownFileType = sourcecode.swift; path = SeasonModel.swift; sourceTree = "<group>"; };
		116FF2F726112EAD005ED874 /* EpisodesModel.swift */ = {isa = PBXFileReference; lastKnownFileType = sourcecode.swift; path = EpisodesModel.swift; sourceTree = "<group>"; };
		116FF2FA26113BC7005ED874 /* ShowDetailTableViewCell.swift */ = {isa = PBXFileReference; lastKnownFileType = sourcecode.swift; path = ShowDetailTableViewCell.swift; sourceTree = "<group>"; };
		116FF2FB26113BC7005ED874 /* ShowDetailTableViewCell.xib */ = {isa = PBXFileReference; lastKnownFileType = file.xib; path = ShowDetailTableViewCell.xib; sourceTree = "<group>"; };
		116FF2FF26113E56005ED874 /* ShowDetailCellViewModel.swift */ = {isa = PBXFileReference; lastKnownFileType = sourcecode.swift; path = ShowDetailCellViewModel.swift; sourceTree = "<group>"; };
		117D324A2610CBC700B6B9F0 /* SearchQueryModel.swift */ = {isa = PBXFileReference; lastKnownFileType = sourcecode.swift; path = SearchQueryModel.swift; sourceTree = "<group>"; };
		117D324D2610EB8A00B6B9F0 /* SearchTableViewCell.swift */ = {isa = PBXFileReference; lastKnownFileType = sourcecode.swift; path = SearchTableViewCell.swift; sourceTree = "<group>"; };
		117D324E2610EB8A00B6B9F0 /* SearchTableViewCell.xib */ = {isa = PBXFileReference; lastKnownFileType = file.xib; path = SearchTableViewCell.xib; sourceTree = "<group>"; };
		117D32522610EB9700B6B9F0 /* SearchTableViewCellViewModel.swift */ = {isa = PBXFileReference; lastKnownFileType = sourcecode.swift; path = SearchTableViewCellViewModel.swift; sourceTree = "<group>"; };
		117D32552610ECC600B6B9F0 /* UITableView+Extensions.swift */ = {isa = PBXFileReference; lastKnownFileType = sourcecode.swift; path = "UITableView+Extensions.swift"; sourceTree = "<group>"; };
		117D32582610F25400B6B9F0 /* UISearchBar+Extensions.swift */ = {isa = PBXFileReference; lastKnownFileType = sourcecode.swift; path = "UISearchBar+Extensions.swift"; sourceTree = "<group>"; };
		117D32632611236200B6B9F0 /* ShowDetailCoordinator.swift */ = {isa = PBXFileReference; lastKnownFileType = sourcecode.swift; path = ShowDetailCoordinator.swift; sourceTree = "<group>"; };
		117D3267261123AF00B6B9F0 /* ShowDetailViewController.swift */ = {isa = PBXFileReference; lastKnownFileType = sourcecode.swift; path = ShowDetailViewController.swift; sourceTree = "<group>"; };
		117D3268261123AF00B6B9F0 /* ShowDetailViewController.xib */ = {isa = PBXFileReference; lastKnownFileType = file.xib; path = ShowDetailViewController.xib; sourceTree = "<group>"; };
		117D3270261123D200B6B9F0 /* ShowDetailViewModel.swift */ = {isa = PBXFileReference; lastKnownFileType = sourcecode.swift; path = ShowDetailViewModel.swift; sourceTree = "<group>"; };
		117D32742611241C00B6B9F0 /* ShowDetailService.swift */ = {isa = PBXFileReference; lastKnownFileType = sourcecode.swift; path = ShowDetailService.swift; sourceTree = "<group>"; };
		11956C6526100C4300590B37 /* Service.swift */ = {isa = PBXFileReference; lastKnownFileType = sourcecode.swift; path = Service.swift; sourceTree = "<group>"; };
		11DE00022610C5E9000AFB07 /* SearchService.swift */ = {isa = PBXFileReference; lastKnownFileType = sourcecode.swift; path = SearchService.swift; sourceTree = "<group>"; };
		11DEFFFB2610C538000AFB07 /* SearchViewModel.swift */ = {isa = PBXFileReference; lastKnownFileType = sourcecode.swift; path = SearchViewModel.swift; sourceTree = "<group>"; };
		11E980F2260F884D00CE876B /* SearchCoordinator.swift */ = {isa = PBXFileReference; lastKnownFileType = sourcecode.swift; path = SearchCoordinator.swift; sourceTree = "<group>"; };
		11E980F6260F88A300CE876B /* SearchViewController.swift */ = {isa = PBXFileReference; lastKnownFileType = sourcecode.swift; path = SearchViewController.swift; sourceTree = "<group>"; };
		11E980F7260F88A300CE876B /* SearchViewController.xib */ = {isa = PBXFileReference; lastKnownFileType = file.xib; path = SearchViewController.xib; sourceTree = "<group>"; };
		11E980FC260F96B100CE876B /* TabBarCoordinator.swift */ = {isa = PBXFileReference; lastKnownFileType = sourcecode.swift; path = TabBarCoordinator.swift; sourceTree = "<group>"; };
		11E980FF260F98C300CE876B /* TabBarController.swift */ = {isa = PBXFileReference; lastKnownFileType = sourcecode.swift; path = TabBarController.swift; sourceTree = "<group>"; };
		11E98102260FDB9200CE876B /* ShowsViewModel.swift */ = {isa = PBXFileReference; lastKnownFileType = sourcecode.swift; path = ShowsViewModel.swift; sourceTree = "<group>"; };
		11E98105260FDF4400CE876B /* ShowsCollectionViewCellViewModel.swift */ = {isa = PBXFileReference; lastKnownFileType = sourcecode.swift; path = ShowsCollectionViewCellViewModel.swift; sourceTree = "<group>"; };
		11E98108260FDFC600CE876B /* ShowsCollectionViewCell.swift */ = {isa = PBXFileReference; lastKnownFileType = sourcecode.swift; path = ShowsCollectionViewCell.swift; sourceTree = "<group>"; };
		11E98109260FDFC600CE876B /* ShowsCollectionViewCell.xib */ = {isa = PBXFileReference; lastKnownFileType = file.xib; path = ShowsCollectionViewCell.xib; sourceTree = "<group>"; };
		11E98125260FE28200CE876B /* UICollectionView+Extensions.swift */ = {isa = PBXFileReference; lastKnownFileType = sourcecode.swift; path = "UICollectionView+Extensions.swift"; sourceTree = "<group>"; };
		11E9817C260FFC5900CE876B /* UIFont+Extensions.swift */ = {isa = PBXFileReference; lastKnownFileType = sourcecode.swift; path = "UIFont+Extensions.swift"; sourceTree = "<group>"; };
		11E98183261004EE00CE876B /* Roboto-Regular.ttf */ = {isa = PBXFileReference; lastKnownFileType = file; path = "Roboto-Regular.ttf"; sourceTree = "<group>"; };
		1846B7547470D60705363992 /* Pods-ShowsApp.release.xcconfig */ = {isa = PBXFileReference; includeInIndex = 1; lastKnownFileType = text.xcconfig; name = "Pods-ShowsApp.release.xcconfig"; path = "Target Support Files/Pods-ShowsApp/Pods-ShowsApp.release.xcconfig"; sourceTree = "<group>"; };
		A34AE9674C2FE2974B585DF1 /* Pods_ShowsApp.framework */ = {isa = PBXFileReference; explicitFileType = wrapper.framework; includeInIndex = 0; path = Pods_ShowsApp.framework; sourceTree = BUILT_PRODUCTS_DIR; };
		C46BCEAAB7E2232735E88CA7 /* Pods-ShowsApp.debug.xcconfig */ = {isa = PBXFileReference; includeInIndex = 1; lastKnownFileType = text.xcconfig; name = "Pods-ShowsApp.debug.xcconfig"; path = "Target Support Files/Pods-ShowsApp/Pods-ShowsApp.debug.xcconfig"; sourceTree = "<group>"; };
/* End PBXFileReference section */

/* Begin PBXFrameworksBuildPhase section */
		116A88A8260F760F0062FAD7 /* Frameworks */ = {
			isa = PBXFrameworksBuildPhase;
			buildActionMask = 2147483647;
			files = (
				A57AB09C7AC0C6A3582C1782 /* Pods_ShowsApp.framework in Frameworks */,
			);
			runOnlyForDeploymentPostprocessing = 0;
		};
/* End PBXFrameworksBuildPhase section */

/* Begin PBXGroup section */
		111AF5F226101DB300159B58 /* Coordinator */ = {
			isa = PBXGroup;
			children = (
				116A88E3260F7ED50062FAD7 /* ShowsCoordinator.swift */,
			);
			path = Coordinator;
			sourceTree = "<group>";
		};
		111AF5F326101DBD00159B58 /* View */ = {
			isa = PBXGroup;
			children = (
				116A88E6260F7F790062FAD7 /* ShowsViewController.swift */,
				116A88E7260F7F790062FAD7 /* ShowsViewController.xib */,
				11E98108260FDFC600CE876B /* ShowsCollectionViewCell.swift */,
				11E98109260FDFC600CE876B /* ShowsCollectionViewCell.xib */,
			);
			path = View;
			sourceTree = "<group>";
		};
		111AF5F426101DDF00159B58 /* ViewModel */ = {
			isa = PBXGroup;
			children = (
				11E98102260FDB9200CE876B /* ShowsViewModel.swift */,
				11E98105260FDF4400CE876B /* ShowsCollectionViewCellViewModel.swift */,
			);
			path = ViewModel;
			sourceTree = "<group>";
		};
		111AF5F526101DE800159B58 /* Model */ = {
			isa = PBXGroup;
			children = (
				111AF5EC2610152100159B58 /* ShowsService.swift */,
				111AF5EF261015CB00159B58 /* ShowModel.swift */,
			);
			path = Model;
			sourceTree = "<group>";
		};
		116A88A2260F760F0062FAD7 = {
			isa = PBXGroup;
			children = (
				116A88AD260F760F0062FAD7 /* ShowsApp */,
				116A88AC260F760F0062FAD7 /* Products */,
				1853ADB057B1405F78049CA6 /* Frameworks */,
				33096987920B5D26E3881DE9 /* Pods */,
			);
			sourceTree = "<group>";
		};
		116A88AC260F760F0062FAD7 /* Products */ = {
			isa = PBXGroup;
			children = (
				116A88AB260F760F0062FAD7 /* ShowsApp.app */,
			);
			name = Products;
			sourceTree = "<group>";
		};
		116A88AD260F760F0062FAD7 /* ShowsApp */ = {
			isa = PBXGroup;
			children = (
				117D32622611235200B6B9F0 /* ShowDetail */,
				11E980FB260F969300CE876B /* TabBar */,
				11E980F1260F883900CE876B /* Search */,
				116A88E2260F7EBA0062FAD7 /* Shows */,
				11956C6426100C1300590B37 /* Network */,
				116A88C6260F76A00062FAD7 /* Common */,
				116A88C3260F76410062FAD7 /* SupportingFiles */,
			);
			path = ShowsApp;
			sourceTree = "<group>";
		};
		116A88C3260F76410062FAD7 /* SupportingFiles */ = {
			isa = PBXGroup;
			children = (
				11E9817F2610011000CE876B /* Fonts */,
				116A88B9260F76100062FAD7 /* LaunchScreen.storyboard */,
				116A88BC260F76100062FAD7 /* Info.plist */,
				116A88AE260F760F0062FAD7 /* AppDelegate.swift */,
				116A88B0260F760F0062FAD7 /* SceneDelegate.swift */,
				116A88B7260F76100062FAD7 /* Assets.xcassets */,
			);
			path = SupportingFiles;
			sourceTree = "<group>";
		};
		116A88C6260F76A00062FAD7 /* Common */ = {
			isa = PBXGroup;
			children = (
				11147BE0261046AE0011CA4D /* CacheProvider.swift */,
				116A88CC260F773D0062FAD7 /* Navigator.swift */,
				116A88D3260F7A830062FAD7 /* Storyboarded.swift */,
				116A88C7260F76B30062FAD7 /* Coordinator */,
				116A88D8260F7B680062FAD7 /* Extensions */,
			);
			path = Common;
			sourceTree = "<group>";
		};
		116A88C7260F76B30062FAD7 /* Coordinator */ = {
			isa = PBXGroup;
			children = (
				116A88C8260F76C80062FAD7 /* Coordinator.swift */,
				116A88D0260F79840062FAD7 /* AppCoordinator.swift */,
			);
			path = Coordinator;
			sourceTree = "<group>";
		};
		116A88D8260F7B680062FAD7 /* Extensions */ = {
			isa = PBXGroup;
			children = (
				116A88DB260F7B960062FAD7 /* UIView+Extensions.swift */,
				116A88DE260F7BDA0062FAD7 /* UIViewController+Extensions.swift */,
				11E98125260FE28200CE876B /* UICollectionView+Extensions.swift */,
				11E9817C260FFC5900CE876B /* UIFont+Extensions.swift */,
				11147BDD261046710011CA4D /* UIImageView+Extensions.swift */,
				117D32552610ECC600B6B9F0 /* UITableView+Extensions.swift */,
				117D32582610F25400B6B9F0 /* UISearchBar+Extensions.swift */,
			);
			path = Extensions;
			sourceTree = "<group>";
		};
		116A88E2260F7EBA0062FAD7 /* Shows */ = {
			isa = PBXGroup;
			children = (
				111AF5F526101DE800159B58 /* Model */,
				111AF5F426101DDF00159B58 /* ViewModel */,
				111AF5F326101DBD00159B58 /* View */,
				111AF5F226101DB300159B58 /* Coordinator */,
			);
			path = Shows;
			sourceTree = "<group>";
		};
		117D32622611235200B6B9F0 /* ShowDetail */ = {
			isa = PBXGroup;
			children = (
				117D326F261123C500B6B9F0 /* ViewModel */,
				117D326E261123BD00B6B9F0 /* Coordinator */,
				117D326D261123B900B6B9F0 /* Model */,
				117D326C261123B500B6B9F0 /* View */,
			);
			path = ShowDetail;
			sourceTree = "<group>";
		};
		117D326C261123B500B6B9F0 /* View */ = {
			isa = PBXGroup;
			children = (
				117D3268261123AF00B6B9F0 /* ShowDetailViewController.xib */,
				117D3267261123AF00B6B9F0 /* ShowDetailViewController.swift */,
				116FF2FA26113BC7005ED874 /* ShowDetailTableViewCell.swift */,
				116FF2FB26113BC7005ED874 /* ShowDetailTableViewCell.xib */,
			);
			path = View;
			sourceTree = "<group>";
		};
		117D326D261123B900B6B9F0 /* Model */ = {
			isa = PBXGroup;
			children = (
				117D32742611241C00B6B9F0 /* ShowDetailService.swift */,
				116FF2F426112E63005ED874 /* SeasonModel.swift */,
				116FF2F726112EAD005ED874 /* EpisodesModel.swift */,
			);
			path = Model;
			sourceTree = "<group>";
		};
		117D326E261123BD00B6B9F0 /* Coordinator */ = {
			isa = PBXGroup;
			children = (
				117D32632611236200B6B9F0 /* ShowDetailCoordinator.swift */,
			);
			path = Coordinator;
			sourceTree = "<group>";
		};
		117D326F261123C500B6B9F0 /* ViewModel */ = {
			isa = PBXGroup;
			children = (
				117D3270261123D200B6B9F0 /* ShowDetailViewModel.swift */,
				116FF2FF26113E56005ED874 /* ShowDetailCellViewModel.swift */,
			);
			path = ViewModel;
			sourceTree = "<group>";
		};
		11956C6426100C1300590B37 /* Network */ = {
			isa = PBXGroup;
			children = (
				11956C6526100C4300590B37 /* Service.swift */,
				111AF5E92610148700159B58 /* HttpExecutor.swift */,
			);
			path = Network;
			sourceTree = "<group>";
		};
		11DE00002610C546000AFB07 /* View */ = {
			isa = PBXGroup;
			children = (
				11E980F7260F88A300CE876B /* SearchViewController.xib */,
				11E980F6260F88A300CE876B /* SearchViewController.swift */,
				117D324D2610EB8A00B6B9F0 /* SearchTableViewCell.swift */,
				117D324E2610EB8A00B6B9F0 /* SearchTableViewCell.xib */,
			);
			path = View;
			sourceTree = "<group>";
		};
		11DE00012610C54C000AFB07 /* Coordinator */ = {
			isa = PBXGroup;
			children = (
				11E980F2260F884D00CE876B /* SearchCoordinator.swift */,
			);
			path = Coordinator;
			sourceTree = "<group>";
		};
		11DEFFFE2610C53B000AFB07 /* Model */ = {
			isa = PBXGroup;
			children = (
				11DE00022610C5E9000AFB07 /* SearchService.swift */,
				117D324A2610CBC700B6B9F0 /* SearchQueryModel.swift */,
			);
			path = Model;
			sourceTree = "<group>";
		};
		11DEFFFF2610C540000AFB07 /* ViewModel */ = {
			isa = PBXGroup;
			children = (
				11DEFFFB2610C538000AFB07 /* SearchViewModel.swift */,
				117D32522610EB9700B6B9F0 /* SearchTableViewCellViewModel.swift */,
			);
			path = ViewModel;
			sourceTree = "<group>";
		};
		11E980F1260F883900CE876B /* Search */ = {
			isa = PBXGroup;
			children = (
				11DE00012610C54C000AFB07 /* Coordinator */,
				11DE00002610C546000AFB07 /* View */,
				11DEFFFF2610C540000AFB07 /* ViewModel */,
				11DEFFFE2610C53B000AFB07 /* Model */,
			);
			path = Search;
			sourceTree = "<group>";
		};
		11E980FB260F969300CE876B /* TabBar */ = {
			isa = PBXGroup;
			children = (
				11E980FC260F96B100CE876B /* TabBarCoordinator.swift */,
				11E980FF260F98C300CE876B /* TabBarController.swift */,
			);
			path = TabBar;
			sourceTree = "<group>";
		};
		11E9817F2610011000CE876B /* Fonts */ = {
			isa = PBXGroup;
			children = (
				11E98183261004EE00CE876B /* Roboto-Regular.ttf */,
			);
			path = Fonts;
			sourceTree = "<group>";
		};
		1853ADB057B1405F78049CA6 /* Frameworks */ = {
			isa = PBXGroup;
			children = (
				A34AE9674C2FE2974B585DF1 /* Pods_ShowsApp.framework */,
			);
			name = Frameworks;
			sourceTree = "<group>";
		};
		33096987920B5D26E3881DE9 /* Pods */ = {
			isa = PBXGroup;
			children = (
				C46BCEAAB7E2232735E88CA7 /* Pods-ShowsApp.debug.xcconfig */,
				1846B7547470D60705363992 /* Pods-ShowsApp.release.xcconfig */,
			);
			path = Pods;
			sourceTree = "<group>";
		};
/* End PBXGroup section */

/* Begin PBXNativeTarget section */
		116A88AA260F760F0062FAD7 /* ShowsApp */ = {
			isa = PBXNativeTarget;
			buildConfigurationList = 116A88BF260F76100062FAD7 /* Build configuration list for PBXNativeTarget "ShowsApp" */;
			buildPhases = (
				E6532E8AC4A665029976A7E1 /* [CP] Check Pods Manifest.lock */,
				116A88A7260F760F0062FAD7 /* Sources */,
				116A88A8260F760F0062FAD7 /* Frameworks */,
				116A88A9260F760F0062FAD7 /* Resources */,
				21238EF279C7519B8866B7A3 /* [CP] Embed Pods Frameworks */,
			);
			buildRules = (
			);
			dependencies = (
			);
			name = ShowsApp;
			productName = ShowsApp;
			productReference = 116A88AB260F760F0062FAD7 /* ShowsApp.app */;
			productType = "com.apple.product-type.application";
		};
/* End PBXNativeTarget section */

/* Begin PBXProject section */
		116A88A3260F760F0062FAD7 /* Project object */ = {
			isa = PBXProject;
			attributes = {
				LastSwiftUpdateCheck = 1230;
				LastUpgradeCheck = 1230;
				TargetAttributes = {
					116A88AA260F760F0062FAD7 = {
						CreatedOnToolsVersion = 12.3;
					};
				};
			};
			buildConfigurationList = 116A88A6260F760F0062FAD7 /* Build configuration list for PBXProject "ShowsApp" */;
			compatibilityVersion = "Xcode 9.3";
			developmentRegion = en;
			hasScannedForEncodings = 0;
			knownRegions = (
				en,
				Base,
			);
			mainGroup = 116A88A2260F760F0062FAD7;
			productRefGroup = 116A88AC260F760F0062FAD7 /* Products */;
			projectDirPath = "";
			projectRoot = "";
			targets = (
				116A88AA260F760F0062FAD7 /* ShowsApp */,
			);
		};
/* End PBXProject section */

/* Begin PBXResourcesBuildPhase section */
		116A88A9260F760F0062FAD7 /* Resources */ = {
			isa = PBXResourcesBuildPhase;
			buildActionMask = 2147483647;
			files = (
				117D326A261123AF00B6B9F0 /* ShowDetailViewController.xib in Resources */,
				11E98184261004EE00CE876B /* Roboto-Regular.ttf in Resources */,
				116A88E9260F7F790062FAD7 /* ShowsViewController.xib in Resources */,
				116A88BB260F76100062FAD7 /* LaunchScreen.storyboard in Resources */,
				11E9810B260FDFC600CE876B /* ShowsCollectionViewCell.xib in Resources */,
				116FF2FD26113BC7005ED874 /* ShowDetailTableViewCell.xib in Resources */,
				117D32502610EB8A00B6B9F0 /* SearchTableViewCell.xib in Resources */,
				11E980F9260F88A300CE876B /* SearchViewController.xib in Resources */,
				116A88B8260F76100062FAD7 /* Assets.xcassets in Resources */,
			);
			runOnlyForDeploymentPostprocessing = 0;
		};
/* End PBXResourcesBuildPhase section */

/* Begin PBXShellScriptBuildPhase section */
		21238EF279C7519B8866B7A3 /* [CP] Embed Pods Frameworks */ = {
			isa = PBXShellScriptBuildPhase;
			buildActionMask = 2147483647;
			files = (
			);
			inputFileListPaths = (
				"${PODS_ROOT}/Target Support Files/Pods-ShowsApp/Pods-ShowsApp-frameworks-${CONFIGURATION}-input-files.xcfilelist",
			);
			name = "[CP] Embed Pods Frameworks";
			outputFileListPaths = (
				"${PODS_ROOT}/Target Support Files/Pods-ShowsApp/Pods-ShowsApp-frameworks-${CONFIGURATION}-output-files.xcfilelist",
			);
			runOnlyForDeploymentPostprocessing = 0;
			shellPath = /bin/sh;
			shellScript = "\"${PODS_ROOT}/Target Support Files/Pods-ShowsApp/Pods-ShowsApp-frameworks.sh\"\n";
			showEnvVarsInLog = 0;
		};
		E6532E8AC4A665029976A7E1 /* [CP] Check Pods Manifest.lock */ = {
			isa = PBXShellScriptBuildPhase;
			buildActionMask = 2147483647;
			files = (
			);
			inputFileListPaths = (
			);
			inputPaths = (
				"${PODS_PODFILE_DIR_PATH}/Podfile.lock",
				"${PODS_ROOT}/Manifest.lock",
			);
			name = "[CP] Check Pods Manifest.lock";
			outputFileListPaths = (
			);
			outputPaths = (
				"$(DERIVED_FILE_DIR)/Pods-ShowsApp-checkManifestLockResult.txt",
			);
			runOnlyForDeploymentPostprocessing = 0;
			shellPath = /bin/sh;
			shellScript = "diff \"${PODS_PODFILE_DIR_PATH}/Podfile.lock\" \"${PODS_ROOT}/Manifest.lock\" > /dev/null\nif [ $? != 0 ] ; then\n    # print error to STDERR\n    echo \"error: The sandbox is not in sync with the Podfile.lock. Run 'pod install' or update your CocoaPods installation.\" >&2\n    exit 1\nfi\n# This output is used by Xcode 'outputs' to avoid re-running this script phase.\necho \"SUCCESS\" > \"${SCRIPT_OUTPUT_FILE_0}\"\n";
			showEnvVarsInLog = 0;
		};
/* End PBXShellScriptBuildPhase section */

/* Begin PBXSourcesBuildPhase section */
		116A88A7260F760F0062FAD7 /* Sources */ = {
			isa = PBXSourcesBuildPhase;
			buildActionMask = 2147483647;
			files = (
				116FF2FC26113BC7005ED874 /* ShowDetailTableViewCell.swift in Sources */,
				117D32642611236200B6B9F0 /* ShowDetailCoordinator.swift in Sources */,
				11DE00032610C5E9000AFB07 /* SearchService.swift in Sources */,
				11E98126260FE28300CE876B /* UICollectionView+Extensions.swift in Sources */,
				116A88DC260F7B960062FAD7 /* UIView+Extensions.swift in Sources */,
				116A88E8260F7F790062FAD7 /* ShowsViewController.swift in Sources */,
				11E980F3260F884D00CE876B /* SearchCoordinator.swift in Sources */,
				11E98106260FDF4400CE876B /* ShowsCollectionViewCellViewModel.swift in Sources */,
				117D32532610EB9700B6B9F0 /* SearchTableViewCellViewModel.swift in Sources */,
				116A88AF260F760F0062FAD7 /* AppDelegate.swift in Sources */,
				116A88E4260F7ED50062FAD7 /* ShowsCoordinator.swift in Sources */,
				117D3269261123AF00B6B9F0 /* ShowDetailViewController.swift in Sources */,
				116FF2F826112EAD005ED874 /* EpisodesModel.swift in Sources */,
				11956C6626100C4300590B37 /* Service.swift in Sources */,
				117D32562610ECC700B6B9F0 /* UITableView+Extensions.swift in Sources */,
				116A88CD260F773D0062FAD7 /* Navigator.swift in Sources */,
				116FF30026113E56005ED874 /* ShowDetailCellViewModel.swift in Sources */,
				117D324F2610EB8A00B6B9F0 /* SearchTableViewCell.swift in Sources */,
				11147BDE261046710011CA4D /* UIImageView+Extensions.swift in Sources */,
				11147BE1261046AE0011CA4D /* CacheProvider.swift in Sources */,
				111AF5EA2610148700159B58 /* HttpExecutor.swift in Sources */,
				11E980FD260F96B100CE876B /* TabBarCoordinator.swift in Sources */,
				111AF5F0261015CB00159B58 /* ShowModel.swift in Sources */,
				11E980F8260F88A300CE876B /* SearchViewController.swift in Sources */,
				11E98103260FDB9200CE876B /* ShowsViewModel.swift in Sources */,
				116A88D1260F79840062FAD7 /* AppCoordinator.swift in Sources */,
				117D324B2610CBC700B6B9F0 /* SearchQueryModel.swift in Sources */,
				116A88DF260F7BDA0062FAD7 /* UIViewController+Extensions.swift in Sources */,
				11DEFFFC2610C538000AFB07 /* SearchViewModel.swift in Sources */,
				116A88B1260F760F0062FAD7 /* SceneDelegate.swift in Sources */,
				11E98100260F98C300CE876B /* TabBarController.swift in Sources */,
				11E9810A260FDFC600CE876B /* ShowsCollectionViewCell.swift in Sources */,
				117D32592610F25400B6B9F0 /* UISearchBar+Extensions.swift in Sources */,
				111AF5ED2610152100159B58 /* ShowsService.swift in Sources */,
				116FF2F526112E63005ED874 /* SeasonModel.swift in Sources */,
				117D32752611241C00B6B9F0 /* ShowDetailService.swift in Sources */,
				116A88C9260F76C80062FAD7 /* Coordinator.swift in Sources */,
				117D3271261123D200B6B9F0 /* ShowDetailViewModel.swift in Sources */,
				11E9817D260FFC5900CE876B /* UIFont+Extensions.swift in Sources */,
				116A88D4260F7A830062FAD7 /* Storyboarded.swift in Sources */,
			);
			runOnlyForDeploymentPostprocessing = 0;
		};
/* End PBXSourcesBuildPhase section */

/* Begin PBXVariantGroup section */
		116A88B9260F76100062FAD7 /* LaunchScreen.storyboard */ = {
			isa = PBXVariantGroup;
			children = (
				116A88BA260F76100062FAD7 /* Base */,
			);
			name = LaunchScreen.storyboard;
			sourceTree = "<group>";
		};
/* End PBXVariantGroup section */

/* Begin XCBuildConfiguration section */
		116A88BD260F76100062FAD7 /* Debug */ = {
			isa = XCBuildConfiguration;
			buildSettings = {
				ALWAYS_SEARCH_USER_PATHS = NO;
				CLANG_ANALYZER_NONNULL = YES;
				CLANG_ANALYZER_NUMBER_OBJECT_CONVERSION = YES_AGGRESSIVE;
				CLANG_CXX_LANGUAGE_STANDARD = "gnu++14";
				CLANG_CXX_LIBRARY = "libc++";
				CLANG_ENABLE_MODULES = YES;
				CLANG_ENABLE_OBJC_ARC = YES;
				CLANG_ENABLE_OBJC_WEAK = YES;
				CLANG_WARN_BLOCK_CAPTURE_AUTORELEASING = YES;
				CLANG_WARN_BOOL_CONVERSION = YES;
				CLANG_WARN_COMMA = YES;
				CLANG_WARN_CONSTANT_CONVERSION = YES;
				CLANG_WARN_DEPRECATED_OBJC_IMPLEMENTATIONS = YES;
				CLANG_WARN_DIRECT_OBJC_ISA_USAGE = YES_ERROR;
				CLANG_WARN_DOCUMENTATION_COMMENTS = YES;
				CLANG_WARN_EMPTY_BODY = YES;
				CLANG_WARN_ENUM_CONVERSION = YES;
				CLANG_WARN_INFINITE_RECURSION = YES;
				CLANG_WARN_INT_CONVERSION = YES;
				CLANG_WARN_NON_LITERAL_NULL_CONVERSION = YES;
				CLANG_WARN_OBJC_IMPLICIT_RETAIN_SELF = YES;
				CLANG_WARN_OBJC_LITERAL_CONVERSION = YES;
				CLANG_WARN_OBJC_ROOT_CLASS = YES_ERROR;
				CLANG_WARN_QUOTED_INCLUDE_IN_FRAMEWORK_HEADER = YES;
				CLANG_WARN_RANGE_LOOP_ANALYSIS = YES;
				CLANG_WARN_STRICT_PROTOTYPES = YES;
				CLANG_WARN_SUSPICIOUS_MOVE = YES;
				CLANG_WARN_UNGUARDED_AVAILABILITY = YES_AGGRESSIVE;
				CLANG_WARN_UNREACHABLE_CODE = YES;
				CLANG_WARN__DUPLICATE_METHOD_MATCH = YES;
				COPY_PHASE_STRIP = NO;
				DEBUG_INFORMATION_FORMAT = dwarf;
				ENABLE_STRICT_OBJC_MSGSEND = YES;
				ENABLE_TESTABILITY = YES;
				GCC_C_LANGUAGE_STANDARD = gnu11;
				GCC_DYNAMIC_NO_PIC = NO;
				GCC_NO_COMMON_BLOCKS = YES;
				GCC_OPTIMIZATION_LEVEL = 0;
				GCC_PREPROCESSOR_DEFINITIONS = (
					"DEBUG=1",
					"$(inherited)",
				);
				GCC_WARN_64_TO_32_BIT_CONVERSION = YES;
				GCC_WARN_ABOUT_RETURN_TYPE = YES_ERROR;
				GCC_WARN_UNDECLARED_SELECTOR = YES;
				GCC_WARN_UNINITIALIZED_AUTOS = YES_AGGRESSIVE;
				GCC_WARN_UNUSED_FUNCTION = YES;
				GCC_WARN_UNUSED_VARIABLE = YES;
				IPHONEOS_DEPLOYMENT_TARGET = 14.3;
				MTL_ENABLE_DEBUG_INFO = INCLUDE_SOURCE;
				MTL_FAST_MATH = YES;
				ONLY_ACTIVE_ARCH = YES;
				SDKROOT = iphoneos;
				SWIFT_ACTIVE_COMPILATION_CONDITIONS = DEBUG;
				SWIFT_OPTIMIZATION_LEVEL = "-Onone";
			};
			name = Debug;
		};
		116A88BE260F76100062FAD7 /* Release */ = {
			isa = XCBuildConfiguration;
			buildSettings = {
				ALWAYS_SEARCH_USER_PATHS = NO;
				CLANG_ANALYZER_NONNULL = YES;
				CLANG_ANALYZER_NUMBER_OBJECT_CONVERSION = YES_AGGRESSIVE;
				CLANG_CXX_LANGUAGE_STANDARD = "gnu++14";
				CLANG_CXX_LIBRARY = "libc++";
				CLANG_ENABLE_MODULES = YES;
				CLANG_ENABLE_OBJC_ARC = YES;
				CLANG_ENABLE_OBJC_WEAK = YES;
				CLANG_WARN_BLOCK_CAPTURE_AUTORELEASING = YES;
				CLANG_WARN_BOOL_CONVERSION = YES;
				CLANG_WARN_COMMA = YES;
				CLANG_WARN_CONSTANT_CONVERSION = YES;
				CLANG_WARN_DEPRECATED_OBJC_IMPLEMENTATIONS = YES;
				CLANG_WARN_DIRECT_OBJC_ISA_USAGE = YES_ERROR;
				CLANG_WARN_DOCUMENTATION_COMMENTS = YES;
				CLANG_WARN_EMPTY_BODY = YES;
				CLANG_WARN_ENUM_CONVERSION = YES;
				CLANG_WARN_INFINITE_RECURSION = YES;
				CLANG_WARN_INT_CONVERSION = YES;
				CLANG_WARN_NON_LITERAL_NULL_CONVERSION = YES;
				CLANG_WARN_OBJC_IMPLICIT_RETAIN_SELF = YES;
				CLANG_WARN_OBJC_LITERAL_CONVERSION = YES;
				CLANG_WARN_OBJC_ROOT_CLASS = YES_ERROR;
				CLANG_WARN_QUOTED_INCLUDE_IN_FRAMEWORK_HEADER = YES;
				CLANG_WARN_RANGE_LOOP_ANALYSIS = YES;
				CLANG_WARN_STRICT_PROTOTYPES = YES;
				CLANG_WARN_SUSPICIOUS_MOVE = YES;
				CLANG_WARN_UNGUARDED_AVAILABILITY = YES_AGGRESSIVE;
				CLANG_WARN_UNREACHABLE_CODE = YES;
				CLANG_WARN__DUPLICATE_METHOD_MATCH = YES;
				COPY_PHASE_STRIP = NO;
				DEBUG_INFORMATION_FORMAT = "dwarf-with-dsym";
				ENABLE_NS_ASSERTIONS = NO;
				ENABLE_STRICT_OBJC_MSGSEND = YES;
				GCC_C_LANGUAGE_STANDARD = gnu11;
				GCC_NO_COMMON_BLOCKS = YES;
				GCC_WARN_64_TO_32_BIT_CONVERSION = YES;
				GCC_WARN_ABOUT_RETURN_TYPE = YES_ERROR;
				GCC_WARN_UNDECLARED_SELECTOR = YES;
				GCC_WARN_UNINITIALIZED_AUTOS = YES_AGGRESSIVE;
				GCC_WARN_UNUSED_FUNCTION = YES;
				GCC_WARN_UNUSED_VARIABLE = YES;
				IPHONEOS_DEPLOYMENT_TARGET = 14.3;
				MTL_ENABLE_DEBUG_INFO = NO;
				MTL_FAST_MATH = YES;
				SDKROOT = iphoneos;
				SWIFT_COMPILATION_MODE = wholemodule;
				SWIFT_OPTIMIZATION_LEVEL = "-O";
				VALIDATE_PRODUCT = YES;
			};
			name = Release;
		};
		116A88C0260F76100062FAD7 /* Debug */ = {
			isa = XCBuildConfiguration;
			baseConfigurationReference = C46BCEAAB7E2232735E88CA7 /* Pods-ShowsApp.debug.xcconfig */;
			buildSettings = {
				ASSETCATALOG_COMPILER_APPICON_NAME = AppIcon;
				ASSETCATALOG_COMPILER_GLOBAL_ACCENT_COLOR_NAME = AccentColor;
				CODE_SIGN_STYLE = Automatic;
				DEVELOPMENT_TEAM = A3J488KW82;
				INFOPLIST_FILE = ShowsApp/SupportingFiles/Info.plist;
				LD_RUNPATH_SEARCH_PATHS = (
					"$(inherited)",
					"@executable_path/Frameworks",
				);
				PRODUCT_BUNDLE_IDENTIFIER = dev.giovannibruno.ShowsApp;
				PRODUCT_NAME = "$(TARGET_NAME)";
				SWIFT_VERSION = 5.0;
				TARGETED_DEVICE_FAMILY = 1;
			};
			name = Debug;
		};
		116A88C1260F76100062FAD7 /* Release */ = {
			isa = XCBuildConfiguration;
			baseConfigurationReference = 1846B7547470D60705363992 /* Pods-ShowsApp.release.xcconfig */;
			buildSettings = {
				ASSETCATALOG_COMPILER_APPICON_NAME = AppIcon;
				ASSETCATALOG_COMPILER_GLOBAL_ACCENT_COLOR_NAME = AccentColor;
				CODE_SIGN_STYLE = Automatic;
				DEVELOPMENT_TEAM = A3J488KW82;
				INFOPLIST_FILE = ShowsApp/SupportingFiles/Info.plist;
				LD_RUNPATH_SEARCH_PATHS = (
					"$(inherited)",
					"@executable_path/Frameworks",
				);
				PRODUCT_BUNDLE_IDENTIFIER = dev.giovannibruno.ShowsApp;
				PRODUCT_NAME = "$(TARGET_NAME)";
				SWIFT_VERSION = 5.0;
				TARGETED_DEVICE_FAMILY = 1;
			};
			name = Release;
		};
/* End XCBuildConfiguration section */

/* Begin XCConfigurationList section */
		116A88A6260F760F0062FAD7 /* Build configuration list for PBXProject "ShowsApp" */ = {
			isa = XCConfigurationList;
			buildConfigurations = (
				116A88BD260F76100062FAD7 /* Debug */,
				116A88BE260F76100062FAD7 /* Release */,
			);
			defaultConfigurationIsVisible = 0;
			defaultConfigurationName = Release;
		};
		116A88BF260F76100062FAD7 /* Build configuration list for PBXNativeTarget "ShowsApp" */ = {
			isa = XCConfigurationList;
			buildConfigurations = (
				116A88C0260F76100062FAD7 /* Debug */,
				116A88C1260F76100062FAD7 /* Release */,
			);
			defaultConfigurationIsVisible = 0;
			defaultConfigurationName = Release;
		};
/* End XCConfigurationList section */
	};
	rootObject = 116A88A3260F760F0062FAD7 /* Project object */;
}
